
Microsoft Visual Studio Solution File, Format Version 12.00
# Visual Studio Version 17
VisualStudioVersion = 17.6.33815.320
MinimumVisualStudioVersion = 10.0.40219.1
Project("{FAE04EC0-301F-11D3-BF4B-00C04F79EFBC}") = "TodoApp.Backend", "TodoApp.Backend.csproj", "{AEA28F78-868A-4B5B-9F5A-D94C09460610}"
EndProject
Global
	GlobalSection(SolutionConfigurationPlatforms) = preSolution
		Debug|Any CPU = Debug|Any CPU
		Release|Any CPU = Release|Any CPU
	EndGlobalSection
	GlobalSection(ProjectConfigurationPlatforms) = postSolution
		{AEA28F78-868A-4B5B-9F5A-D94C09460610}.Debug|Any CPU.ActiveCfg = Debug|Any CPU
		{AEA28F78-868A-4B5B-9F5A-D94C09460610}.Debug|Any CPU.Build.0 = Debug|Any CPU
		{AEA28F78-868A-4B5B-9F5A-D94C09460610}.Release|Any CPU.ActiveCfg = Release|Any CPU
		{AEA28F78-868A-4B5B-9F5A-D94C09460610}.Release|Any CPU.Build.0 = Release|Any CPU
	EndGlobalSection
	GlobalSection(SolutionProperties) = preSolution
		HideSolutionNode = FALSE
	EndGlobalSection
	GlobalSection(ExtensibilityGlobals) = postSolution
		SolutionGuid = {DFEA5273-519C-4CA7-A3A6-7F2242B3469E}
	EndGlobalSection
EndGlobal
